
Microsoft Visual Studio Solution File, Format Version 12.00
Project("{2150E333-8FDC-42A3-9474-1A3956D46DE8}") = "src", "src", "{7330C8FF-56EC-4B3E-A88D-1627C3A36610}"
EndProject
Project("{FAE04EC0-301F-11D3-BF4B-00C04F79EFBC}") = "BCL", "src\BCL\BCL.csproj", "{080356B9-7D06-4401-AB3A-D59E45259E6A}"
EndProject
Project("{FAE04EC0-301F-11D3-BF4B-00C04F79EFBC}") = "UnityBCL", "src\UnityBCL\UnityBCL.csproj", "{975A4DC7-D1D6-453B-8555-22BF4E849F98}"
EndProject
Project("{FAE04EC0-301F-11D3-BF4B-00C04F79EFBC}") = "BCL.Unmanaged", "src\BCL.Unmanaged\BCL.Unmanaged.csproj", "{E89DDDCA-DAC7-4B6E-93BF-9BCDD0FA0763}"
EndProject
Project("{FAE04EC0-301F-11D3-BF4B-00C04F79EFBC}") = "UnityBCL.Editor", "src\UnityBCL.Editor\UnityBCL.Editor.csproj", "{126193BE-34A8-41F5-BD6B-5A7E63525828}"
EndProject
Project("{FAE04EC0-301F-11D3-BF4B-00C04F79EFBC}") = "Curves", "Curves\Curves.csproj", "{D250DD0F-461C-4401-804A-386303B8E575}"
EndProject
Project("{FAE04EC0-301F-11D3-BF4B-00C04F79EFBC}") = "Curves.Editor", "src\Curves.Editor\Curves.Editor.csproj", "{F9578E9A-0B56-4CCA-B98C-C884777FB4E4}"
EndProject
Project("{FAE04EC0-301F-11D3-BF4B-00C04F79EFBC}") = "Procedural", "src\Procedural\Procedural.csproj", "{05B4DA23-E424-4D3B-8298-F80FE425ADDF}"
EndProject
Project("{FAE04EC0-301F-11D3-BF4B-00C04F79EFBC}") = "AlphaTesting", "AlphaTesting\AlphaTesting.csproj", "{64335819-E3C3-4FA4-A46E-69B95F00417E}"
EndProject
Project("{FAE04EC0-301F-11D3-BF4B-00C04F79EFBC}") = "Procedural.Editor", "src\Procedural.Editor\Procedural.Editor.csproj", "{5F1822B0-1B36-4645-BF87-2CDEFCFD9036}"
EndProject
Project("{FAE04EC0-301F-11D3-BF4B-00C04F79EFBC}") = "ProceduralAuxiliary", "ProceduralAuxiliary\ProceduralAuxiliary.csproj", "{8EC0D5FD-1E80-4A7B-8FE9-39446D8EC303}"
EndProject
Project("{FAE04EC0-301F-11D3-BF4B-00C04F79EFBC}") = "StateMachine", "src\StateMachine\StateMachine.csproj", "{062A8123-3792-42F5-BD2C-5A385F6028BF}"
EndProject
Project("{FAE04EC0-301F-11D3-BF4B-00C04F79EFBC}") = "UnityBCL.Serialization", "src\UnityBCL.Serialization\UnityBCL.Serialization.csproj", "{E606389E-109E-4666-812F-8AEE5567117A}"
EndProject
Project("{FAE04EC0-301F-11D3-BF4B-00C04F79EFBC}") = "Test.Benchmark", "src\Test.Benchmark\Test.Benchmark.csproj", "{37F3AF58-AEDF-4825-909C-CFE765B35096}"
EndProject
Project("{FAE04EC0-301F-11D3-BF4B-00C04F79EFBC}") = "Test.Code", "src\Test.Code\Test.Code.csproj", "{21D32A5E-B8BC-4AC0-8287-EACA7A62113C}"
EndProject
Project("{FAE04EC0-301F-11D3-BF4B-00C04F79EFBC}") = "Test.Environment", "src\Test.Environment\Test.Environment.csproj", "{2D4C36F5-0C79-4706-B91F-899A81D55E06}"
EndProject
Global
	GlobalSection(SolutionConfigurationPlatforms) = preSolution
		Debug|Any CPU = Debug|Any CPU
		Release|Any CPU = Release|Any CPU
	EndGlobalSection
	GlobalSection(ProjectConfigurationPlatforms) = postSolution
		{080356B9-7D06-4401-AB3A-D59E45259E6A}.Debug|Any CPU.ActiveCfg = Debug|Any CPU
		{080356B9-7D06-4401-AB3A-D59E45259E6A}.Debug|Any CPU.Build.0 = Debug|Any CPU
		{080356B9-7D06-4401-AB3A-D59E45259E6A}.Release|Any CPU.ActiveCfg = Release|Any CPU
		{080356B9-7D06-4401-AB3A-D59E45259E6A}.Release|Any CPU.Build.0 = Release|Any CPU
		{975A4DC7-D1D6-453B-8555-22BF4E849F98}.Debug|Any CPU.ActiveCfg = Debug|Any CPU
		{975A4DC7-D1D6-453B-8555-22BF4E849F98}.Debug|Any CPU.Build.0 = Debug|Any CPU
		{975A4DC7-D1D6-453B-8555-22BF4E849F98}.Release|Any CPU.ActiveCfg = Release|Any CPU
		{975A4DC7-D1D6-453B-8555-22BF4E849F98}.Release|Any CPU.Build.0 = Release|Any CPU
		{E89DDDCA-DAC7-4B6E-93BF-9BCDD0FA0763}.Debug|Any CPU.ActiveCfg = Debug|Any CPU
		{E89DDDCA-DAC7-4B6E-93BF-9BCDD0FA0763}.Debug|Any CPU.Build.0 = Debug|Any CPU
		{E89DDDCA-DAC7-4B6E-93BF-9BCDD0FA0763}.Release|Any CPU.ActiveCfg = Release|Any CPU
		{E89DDDCA-DAC7-4B6E-93BF-9BCDD0FA0763}.Release|Any CPU.Build.0 = Release|Any CPU
		{126193BE-34A8-41F5-BD6B-5A7E63525828}.Debug|Any CPU.ActiveCfg = Debug|Any CPU
		{126193BE-34A8-41F5-BD6B-5A7E63525828}.Debug|Any CPU.Build.0 = Debug|Any CPU
		{126193BE-34A8-41F5-BD6B-5A7E63525828}.Release|Any CPU.ActiveCfg = Release|Any CPU
		{126193BE-34A8-41F5-BD6B-5A7E63525828}.Release|Any CPU.Build.0 = Release|Any CPU
		{D250DD0F-461C-4401-804A-386303B8E575}.Debug|Any CPU.ActiveCfg = Debug|Any CPU
		{D250DD0F-461C-4401-804A-386303B8E575}.Debug|Any CPU.Build.0 = Debug|Any CPU
		{D250DD0F-461C-4401-804A-386303B8E575}.Release|Any CPU.ActiveCfg = Release|Any CPU
		{D250DD0F-461C-4401-804A-386303B8E575}.Release|Any CPU.Build.0 = Release|Any CPU
		{F9578E9A-0B56-4CCA-B98C-C884777FB4E4}.Debug|Any CPU.ActiveCfg = Debug|Any CPU
		{F9578E9A-0B56-4CCA-B98C-C884777FB4E4}.Debug|Any CPU.Build.0 = Debug|Any CPU
		{F9578E9A-0B56-4CCA-B98C-C884777FB4E4}.Release|Any CPU.ActiveCfg = Release|Any CPU
		{F9578E9A-0B56-4CCA-B98C-C884777FB4E4}.Release|Any CPU.Build.0 = Release|Any CPU
		{05B4DA23-E424-4D3B-8298-F80FE425ADDF}.Debug|Any CPU.ActiveCfg = Debug|Any CPU
		{05B4DA23-E424-4D3B-8298-F80FE425ADDF}.Debug|Any CPU.Build.0 = Debug|Any CPU
		{05B4DA23-E424-4D3B-8298-F80FE425ADDF}.Release|Any CPU.ActiveCfg = Release|Any CPU
		{05B4DA23-E424-4D3B-8298-F80FE425ADDF}.Release|Any CPU.Build.0 = Release|Any CPU
		{64335819-E3C3-4FA4-A46E-69B95F00417E}.Debug|Any CPU.ActiveCfg = Debug|Any CPU
		{64335819-E3C3-4FA4-A46E-69B95F00417E}.Debug|Any CPU.Build.0 = Debug|Any CPU
		{64335819-E3C3-4FA4-A46E-69B95F00417E}.Release|Any CPU.ActiveCfg = Release|Any CPU
		{64335819-E3C3-4FA4-A46E-69B95F00417E}.Release|Any CPU.Build.0 = Release|Any CPU
		{5F1822B0-1B36-4645-BF87-2CDEFCFD9036}.Debug|Any CPU.ActiveCfg = Debug|Any CPU
		{5F1822B0-1B36-4645-BF87-2CDEFCFD9036}.Debug|Any CPU.Build.0 = Debug|Any CPU
		{5F1822B0-1B36-4645-BF87-2CDEFCFD9036}.Release|Any CPU.ActiveCfg = Release|Any CPU
		{5F1822B0-1B36-4645-BF87-2CDEFCFD9036}.Release|Any CPU.Build.0 = Release|Any CPU
		{8EC0D5FD-1E80-4A7B-8FE9-39446D8EC303}.Debug|Any CPU.ActiveCfg = Debug|Any CPU
		{8EC0D5FD-1E80-4A7B-8FE9-39446D8EC303}.Debug|Any CPU.Build.0 = Debug|Any CPU
		{8EC0D5FD-1E80-4A7B-8FE9-39446D8EC303}.Release|Any CPU.ActiveCfg = Release|Any CPU
		{8EC0D5FD-1E80-4A7B-8FE9-39446D8EC303}.Release|Any CPU.Build.0 = Release|Any CPU
		{062A8123-3792-42F5-BD2C-5A385F6028BF}.Debug|Any CPU.ActiveCfg = Debug|Any CPU
		{062A8123-3792-42F5-BD2C-5A385F6028BF}.Debug|Any CPU.Build.0 = Debug|Any CPU
		{062A8123-3792-42F5-BD2C-5A385F6028BF}.Release|Any CPU.ActiveCfg = Release|Any CPU
		{062A8123-3792-42F5-BD2C-5A385F6028BF}.Release|Any CPU.Build.0 = Release|Any CPU
		{E606389E-109E-4666-812F-8AEE5567117A}.Debug|Any CPU.ActiveCfg = Debug|Any CPU
		{E606389E-109E-4666-812F-8AEE5567117A}.Debug|Any CPU.Build.0 = Debug|Any CPU
		{E606389E-109E-4666-812F-8AEE5567117A}.Release|Any CPU.ActiveCfg = Release|Any CPU
		{E606389E-109E-4666-812F-8AEE5567117A}.Release|Any CPU.Build.0 = Release|Any CPU
		{37F3AF58-AEDF-4825-909C-CFE765B35096}.Debug|Any CPU.ActiveCfg = Debug|Any CPU
		{37F3AF58-AEDF-4825-909C-CFE765B35096}.Debug|Any CPU.Build.0 = Debug|Any CPU
		{37F3AF58-AEDF-4825-909C-CFE765B35096}.Release|Any CPU.ActiveCfg = Release|Any CPU
		{37F3AF58-AEDF-4825-909C-CFE765B35096}.Release|Any CPU.Build.0 = Release|Any CPU
		{21D32A5E-B8BC-4AC0-8287-EACA7A62113C}.Debug|Any CPU.ActiveCfg = Debug|Any CPU
		{21D32A5E-B8BC-4AC0-8287-EACA7A62113C}.Debug|Any CPU.Build.0 = Debug|Any CPU
		{21D32A5E-B8BC-4AC0-8287-EACA7A62113C}.Release|Any CPU.ActiveCfg = Release|Any CPU
		{21D32A5E-B8BC-4AC0-8287-EACA7A62113C}.Release|Any CPU.Build.0 = Release|Any CPU
		{2D4C36F5-0C79-4706-B91F-899A81D55E06}.Debug|Any CPU.ActiveCfg = Debug|Any CPU
		{2D4C36F5-0C79-4706-B91F-899A81D55E06}.Debug|Any CPU.Build.0 = Debug|Any CPU
		{2D4C36F5-0C79-4706-B91F-899A81D55E06}.Release|Any CPU.ActiveCfg = Release|Any CPU
		{2D4C36F5-0C79-4706-B91F-899A81D55E06}.Release|Any CPU.Build.0 = Release|Any CPU
	EndGlobalSection
	GlobalSection(NestedProjects) = preSolution
		{080356B9-7D06-4401-AB3A-D59E45259E6A} = {7330C8FF-56EC-4B3E-A88D-1627C3A36610}
		{975A4DC7-D1D6-453B-8555-22BF4E849F98} = {7330C8FF-56EC-4B3E-A88D-1627C3A36610}
		{E89DDDCA-DAC7-4B6E-93BF-9BCDD0FA0763} = {7330C8FF-56EC-4B3E-A88D-1627C3A36610}
		{126193BE-34A8-41F5-BD6B-5A7E63525828} = {7330C8FF-56EC-4B3E-A88D-1627C3A36610}
		{D250DD0F-461C-4401-804A-386303B8E575} = {7330C8FF-56EC-4B3E-A88D-1627C3A36610}
		{F9578E9A-0B56-4CCA-B98C-C884777FB4E4} = {7330C8FF-56EC-4B3E-A88D-1627C3A36610}
		{05B4DA23-E424-4D3B-8298-F80FE425ADDF} = {7330C8FF-56EC-4B3E-A88D-1627C3A36610}
		{64335819-E3C3-4FA4-A46E-69B95F00417E} = {7330C8FF-56EC-4B3E-A88D-1627C3A36610}
		{5F1822B0-1B36-4645-BF87-2CDEFCFD9036} = {7330C8FF-56EC-4B3E-A88D-1627C3A36610}
		{8EC0D5FD-1E80-4A7B-8FE9-39446D8EC303} = {7330C8FF-56EC-4B3E-A88D-1627C3A36610}
		{062A8123-3792-42F5-BD2C-5A385F6028BF} = {7330C8FF-56EC-4B3E-A88D-1627C3A36610}
		{E606389E-109E-4666-812F-8AEE5567117A} = {7330C8FF-56EC-4B3E-A88D-1627C3A36610}
		{37F3AF58-AEDF-4825-909C-CFE765B35096} = {7330C8FF-56EC-4B3E-A88D-1627C3A36610}
		{21D32A5E-B8BC-4AC0-8287-EACA7A62113C} = {7330C8FF-56EC-4B3E-A88D-1627C3A36610}
		{2D4C36F5-0C79-4706-B91F-899A81D55E06} = {7330C8FF-56EC-4B3E-A88D-1627C3A36610}
	EndGlobalSection
EndGlobal
