
Microsoft Visual Studio Solution File, Format Version 12.00
Project("{2150E333-8FDC-42A3-9474-1A3956D46DE8}") = "src", "src", "{CC8E6957-8D49-46E6-A6B9-78F468C5182E}"
EndProject
Project("{2150E333-8FDC-42A3-9474-1A3956D46DE8}") = "test", "test", "{EDC63AAC-C50D-45E5-8786-8BAF3033B398}"
EndProject
Project("{FAE04EC0-301F-11D3-BF4B-00C04F79EFBC}") = "OmniBCL", "src\OmniBCL\OmniBCL.csproj", "{21137235-4DA2-407F-9F31-15D14F60F1E6}"
EndProject
Project("{FAE04EC0-301F-11D3-BF4B-00C04F79EFBC}") = "OmniBCL.Logging.Tests.Unit", "test\OmniBCL.Logging.Tests.Unit\OmniBCL.Logging.Tests.Unit.csproj", "{F72EFE60-D1FF-473A-8946-29EFCB24CE82}"
EndProject
Global
	GlobalSection(SolutionConfigurationPlatforms) = preSolution
		Debug|Any CPU = Debug|Any CPU
		Release|Any CPU = Release|Any CPU
	EndGlobalSection
	GlobalSection(ProjectConfigurationPlatforms) = postSolution
		{21137235-4DA2-407F-9F31-15D14F60F1E6}.Debug|Any CPU.ActiveCfg = Debug|Any CPU
		{21137235-4DA2-407F-9F31-15D14F60F1E6}.Debug|Any CPU.Build.0 = Debug|Any CPU
		{21137235-4DA2-407F-9F31-15D14F60F1E6}.Release|Any CPU.ActiveCfg = Release|Any CPU
		{21137235-4DA2-407F-9F31-15D14F60F1E6}.Release|Any CPU.Build.0 = Release|Any CPU
		{F72EFE60-D1FF-473A-8946-29EFCB24CE82}.Debug|Any CPU.ActiveCfg = Debug|Any CPU
		{F72EFE60-D1FF-473A-8946-29EFCB24CE82}.Debug|Any CPU.Build.0 = Debug|Any CPU
		{F72EFE60-D1FF-473A-8946-29EFCB24CE82}.Release|Any CPU.ActiveCfg = Release|Any CPU
		{F72EFE60-D1FF-473A-8946-29EFCB24CE82}.Release|Any CPU.Build.0 = Release|Any CPU
	EndGlobalSection
	GlobalSection(NestedProjects) = preSolution
		{21137235-4DA2-407F-9F31-15D14F60F1E6} = {CC8E6957-8D49-46E6-A6B9-78F468C5182E}
		{F72EFE60-D1FF-473A-8946-29EFCB24CE82} = {EDC63AAC-C50D-45E5-8786-8BAF3033B398}
	EndGlobalSection
EndGlobal
