
Microsoft Visual Studio Solution File, Format Version 12.00
Project("{2150E333-8FDC-42A3-9474-1A3956D46DE8}") = "src", "src", "{7330C8FF-56EC-4B3E-A88D-1627C3A36610}"
EndProject
Project("{FAE04EC0-301F-11D3-BF4B-00C04F79EFBC}") = "BCL", "src\BCL\BCL.csproj", "{080356B9-7D06-4401-AB3A-D59E45259E6A}"
EndProject
Project("{FAE04EC0-301F-11D3-BF4B-00C04F79EFBC}") = "UnityBCL", "src\UnityBCL\UnityBCL.csproj", "{975A4DC7-D1D6-453B-8555-22BF4E849F98}"
EndProject
Project("{FAE04EC0-301F-11D3-BF4B-00C04F79EFBC}") = "BCL.Unmanaged", "src\BCL.Unmanaged\BCL.Unmanaged.csproj", "{E89DDDCA-DAC7-4B6E-93BF-9BCDD0FA0763}"
EndProject
Global
	GlobalSection(SolutionConfigurationPlatforms) = preSolution
		Debug|Any CPU = Debug|Any CPU
		Release|Any CPU = Release|Any CPU
	EndGlobalSection
	GlobalSection(ProjectConfigurationPlatforms) = postSolution
		{080356B9-7D06-4401-AB3A-D59E45259E6A}.Debug|Any CPU.ActiveCfg = Debug|Any CPU
		{080356B9-7D06-4401-AB3A-D59E45259E6A}.Debug|Any CPU.Build.0 = Debug|Any CPU
		{080356B9-7D06-4401-AB3A-D59E45259E6A}.Release|Any CPU.ActiveCfg = Release|Any CPU
		{080356B9-7D06-4401-AB3A-D59E45259E6A}.Release|Any CPU.Build.0 = Release|Any CPU
		{975A4DC7-D1D6-453B-8555-22BF4E849F98}.Debug|Any CPU.ActiveCfg = Debug|Any CPU
		{975A4DC7-D1D6-453B-8555-22BF4E849F98}.Debug|Any CPU.Build.0 = Debug|Any CPU
		{975A4DC7-D1D6-453B-8555-22BF4E849F98}.Release|Any CPU.ActiveCfg = Release|Any CPU
		{975A4DC7-D1D6-453B-8555-22BF4E849F98}.Release|Any CPU.Build.0 = Release|Any CPU
		{E89DDDCA-DAC7-4B6E-93BF-9BCDD0FA0763}.Debug|Any CPU.ActiveCfg = Debug|Any CPU
		{E89DDDCA-DAC7-4B6E-93BF-9BCDD0FA0763}.Debug|Any CPU.Build.0 = Debug|Any CPU
		{E89DDDCA-DAC7-4B6E-93BF-9BCDD0FA0763}.Release|Any CPU.ActiveCfg = Release|Any CPU
		{E89DDDCA-DAC7-4B6E-93BF-9BCDD0FA0763}.Release|Any CPU.Build.0 = Release|Any CPU
	EndGlobalSection
	GlobalSection(NestedProjects) = preSolution
		{080356B9-7D06-4401-AB3A-D59E45259E6A} = {7330C8FF-56EC-4B3E-A88D-1627C3A36610}
		{975A4DC7-D1D6-453B-8555-22BF4E849F98} = {7330C8FF-56EC-4B3E-A88D-1627C3A36610}
		{E89DDDCA-DAC7-4B6E-93BF-9BCDD0FA0763} = {7330C8FF-56EC-4B3E-A88D-1627C3A36610}
	EndGlobalSection
EndGlobal
